
Microsoft Visual Studio Solution File, Format Version 12.00
# Visual Studio Version 17
VisualStudioVersion = 17.0.31903.59
MinimumVisualStudioVersion = 10.0.40219.1
Project("{2150E333-8FDC-42A3-9474-1A3956D46DE8}") = "src", "src", "{09D8E0B9-6B65-44B8-A2AB-FEAB4BACB45C}"
EndProject
Project("{FAE04EC0-301F-11D3-BF4B-00C04F79EFBC}") = "DailyPositive.Domain", "src\DailyPositive.Domain\DailyPositive.Domain.csproj", "{43ED37BE-7F1F-437F-BCB2-3FB8147F5822}"
EndProject
Project("{FAE04EC0-301F-11D3-BF4B-00C04F79EFBC}") = "DailyPositive.Application", "src\DailyPositive.Application\DailyPositive.Application.csproj", "{014B56DD-A94E-47A7-984F-7CA2DB2FFEED}"
EndProject
Project("{FAE04EC0-301F-11D3-BF4B-00C04F79EFBC}") = "DailyPositive.Persistence", "src\DailyPositive.Persistence\DailyPositive.Persistence.csproj", "{3F0AD17C-FC8B-4043-B9AF-A2B5CB7C8F28}"
EndProject
Project("{FAE04EC0-301F-11D3-BF4B-00C04F79EFBC}") = "DailyPositive.Api", "src\DailyPositive.Api\DailyPositive.Api.csproj", "{6EDAB75E-79E5-4CE1-A697-9E6D90804471}"
EndProject
Global
	GlobalSection(SolutionConfigurationPlatforms) = preSolution
		Debug|Any CPU = Debug|Any CPU
		Release|Any CPU = Release|Any CPU
	EndGlobalSection
	GlobalSection(SolutionProperties) = preSolution
		HideSolutionNode = FALSE
	EndGlobalSection
	GlobalSection(ProjectConfigurationPlatforms) = postSolution
		{43ED37BE-7F1F-437F-BCB2-3FB8147F5822}.Debug|Any CPU.ActiveCfg = Debug|Any CPU
		{43ED37BE-7F1F-437F-BCB2-3FB8147F5822}.Debug|Any CPU.Build.0 = Debug|Any CPU
		{43ED37BE-7F1F-437F-BCB2-3FB8147F5822}.Release|Any CPU.ActiveCfg = Release|Any CPU
		{43ED37BE-7F1F-437F-BCB2-3FB8147F5822}.Release|Any CPU.Build.0 = Release|Any CPU
		{014B56DD-A94E-47A7-984F-7CA2DB2FFEED}.Debug|Any CPU.ActiveCfg = Debug|Any CPU
		{014B56DD-A94E-47A7-984F-7CA2DB2FFEED}.Debug|Any CPU.Build.0 = Debug|Any CPU
		{014B56DD-A94E-47A7-984F-7CA2DB2FFEED}.Release|Any CPU.ActiveCfg = Release|Any CPU
		{014B56DD-A94E-47A7-984F-7CA2DB2FFEED}.Release|Any CPU.Build.0 = Release|Any CPU
		{3F0AD17C-FC8B-4043-B9AF-A2B5CB7C8F28}.Debug|Any CPU.ActiveCfg = Debug|Any CPU
		{3F0AD17C-FC8B-4043-B9AF-A2B5CB7C8F28}.Debug|Any CPU.Build.0 = Debug|Any CPU
		{3F0AD17C-FC8B-4043-B9AF-A2B5CB7C8F28}.Release|Any CPU.ActiveCfg = Release|Any CPU
		{3F0AD17C-FC8B-4043-B9AF-A2B5CB7C8F28}.Release|Any CPU.Build.0 = Release|Any CPU
		{6EDAB75E-79E5-4CE1-A697-9E6D90804471}.Debug|Any CPU.ActiveCfg = Debug|Any CPU
		{6EDAB75E-79E5-4CE1-A697-9E6D90804471}.Debug|Any CPU.Build.0 = Debug|Any CPU
		{6EDAB75E-79E5-4CE1-A697-9E6D90804471}.Release|Any CPU.ActiveCfg = Release|Any CPU
		{6EDAB75E-79E5-4CE1-A697-9E6D90804471}.Release|Any CPU.Build.0 = Release|Any CPU
	EndGlobalSection
	GlobalSection(NestedProjects) = preSolution
		{43ED37BE-7F1F-437F-BCB2-3FB8147F5822} = {09D8E0B9-6B65-44B8-A2AB-FEAB4BACB45C}
		{014B56DD-A94E-47A7-984F-7CA2DB2FFEED} = {09D8E0B9-6B65-44B8-A2AB-FEAB4BACB45C}
		{3F0AD17C-FC8B-4043-B9AF-A2B5CB7C8F28} = {09D8E0B9-6B65-44B8-A2AB-FEAB4BACB45C}
		{6EDAB75E-79E5-4CE1-A697-9E6D90804471} = {09D8E0B9-6B65-44B8-A2AB-FEAB4BACB45C}
	EndGlobalSection
EndGlobal
